
Microsoft Visual Studio Solution File, Format Version 12.00
# Visual Studio Version 17
VisualStudioVersion = 17.9.34728.123
MinimumVisualStudioVersion = 10.0.40219.1
Project("{9A19103F-16F7-4668-BE54-9A1E7A4F7556}") = "EmployeeManagementSystemWebAPI", "EmployeeManagementSystemWebAPI.csproj", "{FAFC2016-C567-420F-B813-8303B5958F20}"
EndProject
Project("{FAE04EC0-301F-11D3-BF4B-00C04F79EFBC}") = "EmployeeManagemenetApiTest", "..\EmployeeManagemenetApiTest\EmployeeManagemenetApiTest.csproj", "{0BE9DB16-D57F-43BB-8D1B-B577324F462C}"
EndProject
Global
	GlobalSection(SolutionConfigurationPlatforms) = preSolution
		Debug|Any CPU = Debug|Any CPU
		Release|Any CPU = Release|Any CPU
	EndGlobalSection
	GlobalSection(ProjectConfigurationPlatforms) = postSolution
		{FAFC2016-C567-420F-B813-8303B5958F20}.Debug|Any CPU.ActiveCfg = Debug|Any CPU
		{FAFC2016-C567-420F-B813-8303B5958F20}.Debug|Any CPU.Build.0 = Debug|Any CPU
		{FAFC2016-C567-420F-B813-8303B5958F20}.Release|Any CPU.ActiveCfg = Release|Any CPU
		{FAFC2016-C567-420F-B813-8303B5958F20}.Release|Any CPU.Build.0 = Release|Any CPU
		{0BE9DB16-D57F-43BB-8D1B-B577324F462C}.Debug|Any CPU.ActiveCfg = Debug|Any CPU
		{0BE9DB16-D57F-43BB-8D1B-B577324F462C}.Debug|Any CPU.Build.0 = Debug|Any CPU
		{0BE9DB16-D57F-43BB-8D1B-B577324F462C}.Release|Any CPU.ActiveCfg = Release|Any CPU
		{0BE9DB16-D57F-43BB-8D1B-B577324F462C}.Release|Any CPU.Build.0 = Release|Any CPU
	EndGlobalSection
	GlobalSection(SolutionProperties) = preSolution
		HideSolutionNode = FALSE
	EndGlobalSection
	GlobalSection(ExtensibilityGlobals) = postSolution
		SolutionGuid = {EFF77E4F-7C16-4AF0-9D82-9BB684AF22E3}
	EndGlobalSection
EndGlobal
